// !$*UTF8*$!
{
	archiveVersion = 1;
	classes = {
	};
	objectVersion = 77;
	objects = {

/* Begin PBXBuildFile section */
		0168554042E099E8F235D2B7 /* Pods_StudyBookApp.framework in Frameworks */ = {isa = PBXBuildFile; fileRef = 1276D96CAE976ACC5DF2DD5C /* Pods_StudyBookApp.framework */; };
		1221EC552CD6749C00F2A6E7 /* Preview Assets.xcassets in Resources */ = {isa = PBXBuildFile; fileRef = 1221EC422CD6749C00F2A6E7 /* Preview Assets.xcassets */; };
		1221EC562CD6749C00F2A6E7 /* Colors.xcassets in Resources */ = {isa = PBXBuildFile; fileRef = 1221EC482CD6749C00F2A6E7 /* Colors.xcassets */; };
		1221EC572CD6749C00F2A6E7 /* Images.xcassets in Resources */ = {isa = PBXBuildFile; fileRef = 1221EC492CD6749C00F2A6E7 /* Images.xcassets */; };
		1221EC582CD6749C00F2A6E7 /* Localizable.strings in Resources */ = {isa = PBXBuildFile; fileRef = 1221EC4B2CD6749C00F2A6E7 /* Localizable.strings */; };
		1221EC592CD6749C00F2A6E7 /* GoogleService-Info.plist in Resources */ = {isa = PBXBuildFile; fileRef = 1221EC522CD6749C00F2A6E7 /* GoogleService-Info.plist */; };
		1221EC5B2CD6749C00F2A6E7 /* DateFormatUtility.swift in Sources */ = {isa = PBXBuildFile; fileRef = 1221EC392CD6749C00F2A6E7 /* DateFormatUtility.swift */; };
		1221EC5C2CD6749C00F2A6E7 /* DeviceSizeUtility.swift in Sources */ = {isa = PBXBuildFile; fileRef = 1221EC3A2CD6749C00F2A6E7 /* DeviceSizeUtility.swift */; };
		1221EC5D2CD6749C00F2A6E7 /* ExCollection.swift in Sources */ = {isa = PBXBuildFile; fileRef = 1221EC3B2CD6749C00F2A6E7 /* ExCollection.swift */; };
		1221EC5E2CD6749C00F2A6E7 /* ExUIApplication.swift in Sources */ = {isa = PBXBuildFile; fileRef = 1221EC3C2CD6749C00F2A6E7 /* ExUIApplication.swift */; };
		1221EC5F2CD6749C00F2A6E7 /* Assets.swift in Sources */ = {isa = PBXBuildFile; fileRef = 1221EC3E2CD6749C00F2A6E7 /* Assets.swift */; };
		1221EC602CD6749C00F2A6E7 /* Strings.swift in Sources */ = {isa = PBXBuildFile; fileRef = 1221EC3F2CD6749C00F2A6E7 /* Strings.swift */; };
		1221EC612CD6749C00F2A6E7 /* RepositoryDependency.swift in Sources */ = {isa = PBXBuildFile; fileRef = 1221EC442CD6749C00F2A6E7 /* RepositoryDependency.swift */; };
		1221EC622CD6749C00F2A6E7 /* UserDefaultsRepository.swift in Sources */ = {isa = PBXBuildFile; fileRef = 1221EC462CD6749C00F2A6E7 /* UserDefaultsRepository.swift */; };
		1221EC632CD6749C00F2A6E7 /* RootView.swift in Sources */ = {isa = PBXBuildFile; fileRef = 1221EC4D2CD6749C00F2A6E7 /* RootView.swift */; };
		1221EC642CD6749C00F2A6E7 /* StudyBookAppApp.swift in Sources */ = {isa = PBXBuildFile; fileRef = 1221EC4E2CD6749C00F2A6E7 /* StudyBookAppApp.swift */; };
		1221EC652CD6749C00F2A6E7 /* RootEnvironment.swift in Sources */ = {isa = PBXBuildFile; fileRef = 1221EC502CD6749C00F2A6E7 /* RootEnvironment.swift */; };
		1221ECA22CD731BA00F2A6E7 /* GoogleBooksAPIRepository.swift in Sources */ = {isa = PBXBuildFile; fileRef = 1221ECA12CD731B800F2A6E7 /* GoogleBooksAPIRepository.swift */; };
		1221ECA42CD7339100F2A6E7 /* Book.swift in Sources */ = {isa = PBXBuildFile; fileRef = 1221ECA32CD7339000F2A6E7 /* Book.swift */; };
		1221ECA62CD7368D00F2A6E7 /* RelamRepository.swift in Sources */ = {isa = PBXBuildFile; fileRef = 1221ECA52CD7368900F2A6E7 /* RelamRepository.swift */; };
		1221ECA92CD74B0B00F2A6E7 /* RealmConfig.swift in Sources */ = {isa = PBXBuildFile; fileRef = 1221ECA82CD74B0A00F2A6E7 /* RealmConfig.swift */; };
		1221ECAB2CD7586A00F2A6E7 /* SearchBooksView.swift in Sources */ = {isa = PBXBuildFile; fileRef = 1221ECAA2CD7586700F2A6E7 /* SearchBooksView.swift */; };
		1221ECAD2CD7588500F2A6E7 /* SearchBooksViewModel.swift in Sources */ = {isa = PBXBuildFile; fileRef = 1221ECAC2CD7588300F2A6E7 /* SearchBooksViewModel.swift */; };
		1221ECB02CD7944A00F2A6E7 /* NetWorkManager.swift in Sources */ = {isa = PBXBuildFile; fileRef = 1221ECAF2CD7944200F2A6E7 /* NetWorkManager.swift */; };
		1221ECB22CD795DD00F2A6E7 /* AppManager.swift in Sources */ = {isa = PBXBuildFile; fileRef = 1221ECB12CD795D900F2A6E7 /* AppManager.swift */; };
		1221ECB42CD799A700F2A6E7 /* ImageFileManager.swift in Sources */ = {isa = PBXBuildFile; fileRef = 1221ECB32CD799A500F2A6E7 /* ImageFileManager.swift */; };
		1221ECB72CD7A08400F2A6E7 /* ImageError.swift in Sources */ = {isa = PBXBuildFile; fileRef = 1221ECB62CD7A08300F2A6E7 /* ImageError.swift */; };
		1221ECBB2CD7CCAC00F2A6E7 /* TabViewLayout.swift in Sources */ = {isa = PBXBuildFile; fileRef = 1221ECBA2CD7CCAC00F2A6E7 /* TabViewLayout.swift */; };
		1221ECBD2CD7CE6C00F2A6E7 /* Category.swift in Sources */ = {isa = PBXBuildFile; fileRef = 1221ECBC2CD7CE6800F2A6E7 /* Category.swift */; };
		1221ECC12CD7CF2D00F2A6E7 /* InputCategoryView.swift in Sources */ = {isa = PBXBuildFile; fileRef = 1221ECC02CD7CF2D00F2A6E7 /* InputCategoryView.swift */; };
		1221ECC32CD84C7400F2A6E7 /* InputCategoryViewModel.swift in Sources */ = {isa = PBXBuildFile; fileRef = 1221ECC22CD84C7100F2A6E7 /* InputCategoryViewModel.swift */; };
		1221ECC52CD8AC8700F2A6E7 /* MyBookShelfView.swift in Sources */ = {isa = PBXBuildFile; fileRef = 1221ECC42CD8AC8700F2A6E7 /* MyBookShelfView.swift */; };
		1221ECC72CD8AD6400F2A6E7 /* MyBookShelfViewModel.swift in Sources */ = {isa = PBXBuildFile; fileRef = 1221ECC62CD8AD6300F2A6E7 /* MyBookShelfViewModel.swift */; };
		1221ECC92CD8FB4000F2A6E7 /* HeaderView.swift in Sources */ = {isa = PBXBuildFile; fileRef = 1221ECC82CD8FB4000F2A6E7 /* HeaderView.swift */; };
		1221ECCB2CD9F90900F2A6E7 /* SelectCategoryView.swift in Sources */ = {isa = PBXBuildFile; fileRef = 1221ECCA2CD9F90800F2A6E7 /* SelectCategoryView.swift */; };
		1221ECCD2CDA329600F2A6E7 /* CategoryListView.swift in Sources */ = {isa = PBXBuildFile; fileRef = 1221ECCC2CDA329600F2A6E7 /* CategoryListView.swift */; };
		1221ECCF2CDA47BC00F2A6E7 /* BookThumbnailView.swift in Sources */ = {isa = PBXBuildFile; fileRef = 1221ECCE2CDA47BC00F2A6E7 /* BookThumbnailView.swift */; };
		123088412CE08B9200455EC8 /* LoadingView.swift in Sources */ = {isa = PBXBuildFile; fileRef = 123088402CE08B9200455EC8 /* LoadingView.swift */; };
		123088432CE08F5F00455EC8 /* LoadingViewModel.swift in Sources */ = {isa = PBXBuildFile; fileRef = 123088422CE08F5D00455EC8 /* LoadingViewModel.swift */; };
		1252FDE82CDA506B007D23B9 /* ExString.swift in Sources */ = {isa = PBXBuildFile; fileRef = 1252FDE72CDA5067007D23B9 /* ExString.swift */; };
		1252FDEA2CDA5949007D23B9 /* DetailCategoryView.swift in Sources */ = {isa = PBXBuildFile; fileRef = 1252FDE92CDA5948007D23B9 /* DetailCategoryView.swift */; };
		1252FDEC2CDA5AE9007D23B9 /* BookGridListView.swift in Sources */ = {isa = PBXBuildFile; fileRef = 1252FDEB2CDA5AE9007D23B9 /* BookGridListView.swift */; };
		1252FDEE2CDA5BC7007D23B9 /* ExModifier.swift in Sources */ = {isa = PBXBuildFile; fileRef = 1252FDED2CDA5BC7007D23B9 /* ExModifier.swift */; };
		128857692CDE162500703F49 /* DetailBookView.swift in Sources */ = {isa = PBXBuildFile; fileRef = 128857682CDE162500703F49 /* DetailBookView.swift */; };
		1294643C2CDF9B5500A30FC8 /* EmptyDataView.swift in Sources */ = {isa = PBXBuildFile; fileRef = 1294643B2CDF9B5500A30FC8 /* EmptyDataView.swift */; };
		1294643E2CDF9D0400A30FC8 /* APIError.swift in Sources */ = {isa = PBXBuildFile; fileRef = 1294643D2CDF9D0100A30FC8 /* APIError.swift */; };
		129464402CDFA0AF00A30FC8 /* ErrorView.swift in Sources */ = {isa = PBXBuildFile; fileRef = 1294643F2CDFA0AF00A30FC8 /* ErrorView.swift */; };
/* End PBXBuildFile section */

/* Begin PBXFileReference section */
		1221EC392CD6749C00F2A6E7 /* DateFormatUtility.swift */ = {isa = PBXFileReference; lastKnownFileType = sourcecode.swift; path = DateFormatUtility.swift; sourceTree = "<group>"; };
		1221EC3A2CD6749C00F2A6E7 /* DeviceSizeUtility.swift */ = {isa = PBXFileReference; lastKnownFileType = sourcecode.swift; path = DeviceSizeUtility.swift; sourceTree = "<group>"; };
		1221EC3B2CD6749C00F2A6E7 /* ExCollection.swift */ = {isa = PBXFileReference; lastKnownFileType = sourcecode.swift; path = ExCollection.swift; sourceTree = "<group>"; };
		1221EC3C2CD6749C00F2A6E7 /* ExUIApplication.swift */ = {isa = PBXFileReference; lastKnownFileType = sourcecode.swift; path = ExUIApplication.swift; sourceTree = "<group>"; };
		1221EC3E2CD6749C00F2A6E7 /* Assets.swift */ = {isa = PBXFileReference; lastKnownFileType = sourcecode.swift; path = Assets.swift; sourceTree = "<group>"; };
		1221EC3F2CD6749C00F2A6E7 /* Strings.swift */ = {isa = PBXFileReference; lastKnownFileType = sourcecode.swift; path = Strings.swift; sourceTree = "<group>"; };
		1221EC422CD6749C00F2A6E7 /* Preview Assets.xcassets */ = {isa = PBXFileReference; lastKnownFileType = folder.assetcatalog; path = "Preview Assets.xcassets"; sourceTree = "<group>"; };
		1221EC442CD6749C00F2A6E7 /* RepositoryDependency.swift */ = {isa = PBXFileReference; lastKnownFileType = sourcecode.swift; path = RepositoryDependency.swift; sourceTree = "<group>"; };
		1221EC462CD6749C00F2A6E7 /* UserDefaultsRepository.swift */ = {isa = PBXFileReference; lastKnownFileType = sourcecode.swift; path = UserDefaultsRepository.swift; sourceTree = "<group>"; };
		1221EC482CD6749C00F2A6E7 /* Colors.xcassets */ = {isa = PBXFileReference; lastKnownFileType = folder.assetcatalog; path = Colors.xcassets; sourceTree = "<group>"; };
		1221EC492CD6749C00F2A6E7 /* Images.xcassets */ = {isa = PBXFileReference; lastKnownFileType = folder.assetcatalog; path = Images.xcassets; sourceTree = "<group>"; };
		1221EC4A2CD6749C00F2A6E7 /* ja */ = {isa = PBXFileReference; lastKnownFileType = text.plist.strings; name = ja; path = ja.lproj/Localizable.strings; sourceTree = "<group>"; };
		1221EC4D2CD6749C00F2A6E7 /* RootView.swift */ = {isa = PBXFileReference; lastKnownFileType = sourcecode.swift; path = RootView.swift; sourceTree = "<group>"; };
		1221EC4E2CD6749C00F2A6E7 /* StudyBookAppApp.swift */ = {isa = PBXFileReference; lastKnownFileType = sourcecode.swift; path = StudyBookAppApp.swift; sourceTree = "<group>"; };
		1221EC502CD6749C00F2A6E7 /* RootEnvironment.swift */ = {isa = PBXFileReference; lastKnownFileType = sourcecode.swift; path = RootEnvironment.swift; sourceTree = "<group>"; };
		1221EC522CD6749C00F2A6E7 /* GoogleService-Info.plist */ = {isa = PBXFileReference; lastKnownFileType = text.plist.xml; path = "GoogleService-Info.plist"; sourceTree = "<group>"; };
		1221EC532CD6749C00F2A6E7 /* Info.plist */ = {isa = PBXFileReference; lastKnownFileType = text.plist.xml; path = Info.plist; sourceTree = "<group>"; };
		1221ECA12CD731B800F2A6E7 /* GoogleBooksAPIRepository.swift */ = {isa = PBXFileReference; lastKnownFileType = sourcecode.swift; path = GoogleBooksAPIRepository.swift; sourceTree = "<group>"; };
		1221ECA32CD7339000F2A6E7 /* Book.swift */ = {isa = PBXFileReference; lastKnownFileType = sourcecode.swift; path = Book.swift; sourceTree = "<group>"; };
		1221ECA52CD7368900F2A6E7 /* RelamRepository.swift */ = {isa = PBXFileReference; lastKnownFileType = sourcecode.swift; path = RelamRepository.swift; sourceTree = "<group>"; };
		1221ECA82CD74B0A00F2A6E7 /* RealmConfig.swift */ = {isa = PBXFileReference; lastKnownFileType = sourcecode.swift; path = RealmConfig.swift; sourceTree = "<group>"; };
		1221ECAA2CD7586700F2A6E7 /* SearchBooksView.swift */ = {isa = PBXFileReference; lastKnownFileType = sourcecode.swift; path = SearchBooksView.swift; sourceTree = "<group>"; };
		1221ECAC2CD7588300F2A6E7 /* SearchBooksViewModel.swift */ = {isa = PBXFileReference; lastKnownFileType = sourcecode.swift; path = SearchBooksViewModel.swift; sourceTree = "<group>"; };
		1221ECAF2CD7944200F2A6E7 /* NetWorkManager.swift */ = {isa = PBXFileReference; lastKnownFileType = sourcecode.swift; path = NetWorkManager.swift; sourceTree = "<group>"; };
		1221ECB12CD795D900F2A6E7 /* AppManager.swift */ = {isa = PBXFileReference; lastKnownFileType = sourcecode.swift; path = AppManager.swift; sourceTree = "<group>"; };
		1221ECB32CD799A500F2A6E7 /* ImageFileManager.swift */ = {isa = PBXFileReference; lastKnownFileType = sourcecode.swift; path = ImageFileManager.swift; sourceTree = "<group>"; };
		1221ECB62CD7A08300F2A6E7 /* ImageError.swift */ = {isa = PBXFileReference; lastKnownFileType = sourcecode.swift; path = ImageError.swift; sourceTree = "<group>"; };
		1221ECBA2CD7CCAC00F2A6E7 /* TabViewLayout.swift */ = {isa = PBXFileReference; lastKnownFileType = sourcecode.swift; path = TabViewLayout.swift; sourceTree = "<group>"; };
		1221ECBC2CD7CE6800F2A6E7 /* Category.swift */ = {isa = PBXFileReference; lastKnownFileType = sourcecode.swift; path = Category.swift; sourceTree = "<group>"; };
		1221ECC02CD7CF2D00F2A6E7 /* InputCategoryView.swift */ = {isa = PBXFileReference; lastKnownFileType = sourcecode.swift; path = InputCategoryView.swift; sourceTree = "<group>"; };
		1221ECC22CD84C7100F2A6E7 /* InputCategoryViewModel.swift */ = {isa = PBXFileReference; lastKnownFileType = sourcecode.swift; path = InputCategoryViewModel.swift; sourceTree = "<group>"; };
		1221ECC42CD8AC8700F2A6E7 /* MyBookShelfView.swift */ = {isa = PBXFileReference; lastKnownFileType = sourcecode.swift; path = MyBookShelfView.swift; sourceTree = "<group>"; };
		1221ECC62CD8AD6300F2A6E7 /* MyBookShelfViewModel.swift */ = {isa = PBXFileReference; lastKnownFileType = sourcecode.swift; path = MyBookShelfViewModel.swift; sourceTree = "<group>"; };
		1221ECC82CD8FB4000F2A6E7 /* HeaderView.swift */ = {isa = PBXFileReference; lastKnownFileType = sourcecode.swift; path = HeaderView.swift; sourceTree = "<group>"; };
		1221ECCA2CD9F90800F2A6E7 /* SelectCategoryView.swift */ = {isa = PBXFileReference; lastKnownFileType = sourcecode.swift; path = SelectCategoryView.swift; sourceTree = "<group>"; };
		1221ECCC2CDA329600F2A6E7 /* CategoryListView.swift */ = {isa = PBXFileReference; lastKnownFileType = sourcecode.swift; path = CategoryListView.swift; sourceTree = "<group>"; };
		1221ECCE2CDA47BC00F2A6E7 /* BookThumbnailView.swift */ = {isa = PBXFileReference; lastKnownFileType = sourcecode.swift; path = BookThumbnailView.swift; sourceTree = "<group>"; };
		123088402CE08B9200455EC8 /* LoadingView.swift */ = {isa = PBXFileReference; lastKnownFileType = sourcecode.swift; path = LoadingView.swift; sourceTree = "<group>"; };
		123088422CE08F5D00455EC8 /* LoadingViewModel.swift */ = {isa = PBXFileReference; lastKnownFileType = sourcecode.swift; path = LoadingViewModel.swift; sourceTree = "<group>"; };
		1252FDE72CDA5067007D23B9 /* ExString.swift */ = {isa = PBXFileReference; lastKnownFileType = sourcecode.swift; path = ExString.swift; sourceTree = "<group>"; };
		1252FDE92CDA5948007D23B9 /* DetailCategoryView.swift */ = {isa = PBXFileReference; lastKnownFileType = sourcecode.swift; path = DetailCategoryView.swift; sourceTree = "<group>"; };
		1252FDEB2CDA5AE9007D23B9 /* BookGridListView.swift */ = {isa = PBXFileReference; lastKnownFileType = sourcecode.swift; path = BookGridListView.swift; sourceTree = "<group>"; };
		1252FDED2CDA5BC7007D23B9 /* ExModifier.swift */ = {isa = PBXFileReference; lastKnownFileType = sourcecode.swift; path = ExModifier.swift; sourceTree = "<group>"; };
		126B41432CD66D1D00ECAE88 /* StudyBookApp.app */ = {isa = PBXFileReference; explicitFileType = wrapper.application; includeInIndex = 0; path = StudyBookApp.app; sourceTree = BUILT_PRODUCTS_DIR; };
		1276D96CAE976ACC5DF2DD5C /* Pods_StudyBookApp.framework */ = {isa = PBXFileReference; explicitFileType = wrapper.framework; includeInIndex = 0; path = Pods_StudyBookApp.framework; sourceTree = BUILT_PRODUCTS_DIR; };
		128857682CDE162500703F49 /* DetailBookView.swift */ = {isa = PBXFileReference; lastKnownFileType = sourcecode.swift; path = DetailBookView.swift; sourceTree = "<group>"; };
		1294643B2CDF9B5500A30FC8 /* EmptyDataView.swift */ = {isa = PBXFileReference; lastKnownFileType = sourcecode.swift; path = EmptyDataView.swift; sourceTree = "<group>"; };
		1294643D2CDF9D0100A30FC8 /* APIError.swift */ = {isa = PBXFileReference; lastKnownFileType = sourcecode.swift; path = APIError.swift; sourceTree = "<group>"; };
		1294643F2CDFA0AF00A30FC8 /* ErrorView.swift */ = {isa = PBXFileReference; lastKnownFileType = sourcecode.swift; path = ErrorView.swift; sourceTree = "<group>"; };
		4D3427250F7F2DA536D95CFF /* Pods-StudyBookApp.debug.xcconfig */ = {isa = PBXFileReference; includeInIndex = 1; lastKnownFileType = text.xcconfig; name = "Pods-StudyBookApp.debug.xcconfig"; path = "Target Support Files/Pods-StudyBookApp/Pods-StudyBookApp.debug.xcconfig"; sourceTree = "<group>"; };
		61282778142ED6D48B139B06 /* Pods-StudyBookApp.release.xcconfig */ = {isa = PBXFileReference; includeInIndex = 1; lastKnownFileType = text.xcconfig; name = "Pods-StudyBookApp.release.xcconfig"; path = "Target Support Files/Pods-StudyBookApp/Pods-StudyBookApp.release.xcconfig"; sourceTree = "<group>"; };
/* End PBXFileReference section */

/* Begin PBXFrameworksBuildPhase section */
		126B41402CD66D1D00ECAE88 /* Frameworks */ = {
			isa = PBXFrameworksBuildPhase;
			buildActionMask = 2147483647;
			files = (
				0168554042E099E8F235D2B7 /* Pods_StudyBookApp.framework in Frameworks */,
			);
			runOnlyForDeploymentPostprocessing = 0;
		};
/* End PBXFrameworksBuildPhase section */

/* Begin PBXGroup section */
		1221EC3D2CD6749C00F2A6E7 /* Extension&Utility */ = {
			isa = PBXGroup;
			children = (
				12DD8CBF2CDE470E00761FE6 /* Utility */,
				12DD8CBE2CDE46F700761FE6 /* Extenstion */,
			);
			path = "Extension&Utility";
			sourceTree = "<group>";
		};
		1221EC402CD6749C00F2A6E7 /* Generated */ = {
			isa = PBXGroup;
			children = (
				1221EC3E2CD6749C00F2A6E7 /* Assets.swift */,
				1221EC3F2CD6749C00F2A6E7 /* Strings.swift */,
			);
			path = Generated;
			sourceTree = "<group>";
		};
		1221EC412CD6749C00F2A6E7 /* Model */ = {
			isa = PBXGroup;
			children = (
				1221ECA32CD7339000F2A6E7 /* Book.swift */,
				1221ECBC2CD7CE6800F2A6E7 /* Category.swift */,
				1221ECB52CD7A07C00F2A6E7 /* Error */,
				1221ECA72CD74B0600F2A6E7 /* Config */,
			);
			path = Model;
			sourceTree = "<group>";
		};
		1221EC432CD6749C00F2A6E7 /* Preview Content */ = {
			isa = PBXGroup;
			children = (
				1221EC422CD6749C00F2A6E7 /* Preview Assets.xcassets */,
			);
			path = "Preview Content";
			sourceTree = "<group>";
		};
		1221EC452CD6749C00F2A6E7 /* DI */ = {
			isa = PBXGroup;
			children = (
				1221EC442CD6749C00F2A6E7 /* RepositoryDependency.swift */,
			);
			path = DI;
			sourceTree = "<group>";
		};
		1221EC472CD6749C00F2A6E7 /* Repository */ = {
			isa = PBXGroup;
			children = (
				1221EC452CD6749C00F2A6E7 /* DI */,
				1221EC462CD6749C00F2A6E7 /* UserDefaultsRepository.swift */,
				1221ECA52CD7368900F2A6E7 /* RelamRepository.swift */,
				1221ECA12CD731B800F2A6E7 /* GoogleBooksAPIRepository.swift */,
			);
			path = Repository;
			sourceTree = "<group>";
		};
		1221EC4C2CD6749C00F2A6E7 /* Resources */ = {
			isa = PBXGroup;
			children = (
				1221EC482CD6749C00F2A6E7 /* Colors.xcassets */,
				1221EC492CD6749C00F2A6E7 /* Images.xcassets */,
				1221EC4B2CD6749C00F2A6E7 /* Localizable.strings */,
			);
			path = Resources;
			sourceTree = "<group>";
		};
		1221EC4F2CD6749C00F2A6E7 /* View */ = {
			isa = PBXGroup;
			children = (
				1221EC4E2CD6749C00F2A6E7 /* StudyBookAppApp.swift */,
				1221EC4D2CD6749C00F2A6E7 /* RootView.swift */,
				1221ECC42CD8AC8700F2A6E7 /* MyBookShelfView.swift */,
				128857682CDE162500703F49 /* DetailBookView.swift */,
				1221ECBF2CD7CEFC00F2A6E7 /* Category */,
				1221ECBE2CD7CEEC00F2A6E7 /* SerachBooksView */,
				1221ECB82CD7CC9700F2A6E7 /* Components */,
			);
			path = View;
			sourceTree = "<group>";
		};
		1221EC512CD6749C00F2A6E7 /* ViewModel */ = {
			isa = PBXGroup;
			children = (
				1221EC502CD6749C00F2A6E7 /* RootEnvironment.swift */,
				1221ECAC2CD7588300F2A6E7 /* SearchBooksViewModel.swift */,
				1221ECC22CD84C7100F2A6E7 /* InputCategoryViewModel.swift */,
				1221ECC62CD8AD6300F2A6E7 /* MyBookShelfViewModel.swift */,
				123088422CE08F5D00455EC8 /* LoadingViewModel.swift */,
			);
			path = ViewModel;
			sourceTree = "<group>";
		};
		1221EC542CD6749C00F2A6E7 /* StudyBookApp */ = {
			isa = PBXGroup;
			children = (
				1221EC532CD6749C00F2A6E7 /* Info.plist */,
				1221EC522CD6749C00F2A6E7 /* GoogleService-Info.plist */,
				1221EC402CD6749C00F2A6E7 /* Generated */,
				1221EC4C2CD6749C00F2A6E7 /* Resources */,
				1221EC3D2CD6749C00F2A6E7 /* Extension&Utility */,
				1221EC4F2CD6749C00F2A6E7 /* View */,
				1221EC412CD6749C00F2A6E7 /* Model */,
				1221EC512CD6749C00F2A6E7 /* ViewModel */,
				1221EC472CD6749C00F2A6E7 /* Repository */,
				1221ECAE2CD7943000F2A6E7 /* Managers */,
				1221EC432CD6749C00F2A6E7 /* Preview Content */,
			);
			path = StudyBookApp;
			sourceTree = "<group>";
		};
		1221ECA72CD74B0600F2A6E7 /* Config */ = {
			isa = PBXGroup;
			children = (
				1221ECA82CD74B0A00F2A6E7 /* RealmConfig.swift */,
			);
			path = Config;
			sourceTree = "<group>";
		};
		1221ECAE2CD7943000F2A6E7 /* Managers */ = {
			isa = PBXGroup;
			children = (
				1221ECB12CD795D900F2A6E7 /* AppManager.swift */,
				1221ECAF2CD7944200F2A6E7 /* NetWorkManager.swift */,
				1221ECB32CD799A500F2A6E7 /* ImageFileManager.swift */,
			);
			path = Managers;
			sourceTree = "<group>";
		};
		1221ECB52CD7A07C00F2A6E7 /* Error */ = {
			isa = PBXGroup;
			children = (
				1221ECB62CD7A08300F2A6E7 /* ImageError.swift */,
				1294643D2CDF9D0100A30FC8 /* APIError.swift */,
			);
			path = Error;
			sourceTree = "<group>";
		};
		1221ECB82CD7CC9700F2A6E7 /* Components */ = {
			isa = PBXGroup;
			children = (
				1221ECB92CD7CC9F00F2A6E7 /* Layout */,
				1221ECCE2CDA47BC00F2A6E7 /* BookThumbnailView.swift */,
				1252FDEB2CDA5AE9007D23B9 /* BookGridListView.swift */,
				1294643B2CDF9B5500A30FC8 /* EmptyDataView.swift */,
				1294643F2CDFA0AF00A30FC8 /* ErrorView.swift */,
				123088402CE08B9200455EC8 /* LoadingView.swift */,
			);
			path = Components;
			sourceTree = "<group>";
		};
		1221ECB92CD7CC9F00F2A6E7 /* Layout */ = {
			isa = PBXGroup;
			children = (
				1221ECBA2CD7CCAC00F2A6E7 /* TabViewLayout.swift */,
				1221ECC82CD8FB4000F2A6E7 /* HeaderView.swift */,
			);
			path = Layout;
			sourceTree = "<group>";
		};
		1221ECBE2CD7CEEC00F2A6E7 /* SerachBooksView */ = {
			isa = PBXGroup;
			children = (
				1221ECAA2CD7586700F2A6E7 /* SearchBooksView.swift */,
				1221ECCA2CD9F90800F2A6E7 /* SelectCategoryView.swift */,
			);
			path = SerachBooksView;
			sourceTree = "<group>";
		};
		1221ECBF2CD7CEFC00F2A6E7 /* Category */ = {
			isa = PBXGroup;
			children = (
				1221ECCC2CDA329600F2A6E7 /* CategoryListView.swift */,
				1252FDE92CDA5948007D23B9 /* DetailCategoryView.swift */,
				1221ECC02CD7CF2D00F2A6E7 /* InputCategoryView.swift */,
			);
			path = Category;
			sourceTree = "<group>";
		};
		126B413A2CD66D1D00ECAE88 = {
			isa = PBXGroup;
			children = (
				1221EC542CD6749C00F2A6E7 /* StudyBookApp */,
				126B41442CD66D1D00ECAE88 /* Products */,
				1A512316DB7C76F3075A0EA2 /* Pods */,
				609E9DB8FB98EEDBEC641E8F /* Frameworks */,
			);
			sourceTree = "<group>";
		};
		126B41442CD66D1D00ECAE88 /* Products */ = {
			isa = PBXGroup;
			children = (
				126B41432CD66D1D00ECAE88 /* StudyBookApp.app */,
			);
			name = Products;
			sourceTree = "<group>";
		};
		12DD8CBE2CDE46F700761FE6 /* Extenstion */ = {
			isa = PBXGroup;
			children = (
				1252FDED2CDA5BC7007D23B9 /* ExModifier.swift */,
				1252FDE72CDA5067007D23B9 /* ExString.swift */,
				1221EC3B2CD6749C00F2A6E7 /* ExCollection.swift */,
				1221EC3C2CD6749C00F2A6E7 /* ExUIApplication.swift */,
			);
			path = Extenstion;
			sourceTree = "<group>";
		};
		12DD8CBF2CDE470E00761FE6 /* Utility */ = {
			isa = PBXGroup;
			children = (
				1221EC3A2CD6749C00F2A6E7 /* DeviceSizeUtility.swift */,
				1221EC392CD6749C00F2A6E7 /* DateFormatUtility.swift */,
			);
			path = Utility;
			sourceTree = "<group>";
		};
		1A512316DB7C76F3075A0EA2 /* Pods */ = {
			isa = PBXGroup;
			children = (
				4D3427250F7F2DA536D95CFF /* Pods-StudyBookApp.debug.xcconfig */,
				61282778142ED6D48B139B06 /* Pods-StudyBookApp.release.xcconfig */,
			);
			path = Pods;
			sourceTree = "<group>";
		};
		609E9DB8FB98EEDBEC641E8F /* Frameworks */ = {
			isa = PBXGroup;
			children = (
				1276D96CAE976ACC5DF2DD5C /* Pods_StudyBookApp.framework */,
			);
			name = Frameworks;
			sourceTree = "<group>";
		};
/* End PBXGroup section */

/* Begin PBXNativeTarget section */
		126B41422CD66D1D00ECAE88 /* StudyBookApp */ = {
			isa = PBXNativeTarget;
			buildConfigurationList = 126B41512CD66D1F00ECAE88 /* Build configuration list for PBXNativeTarget "StudyBookApp" */;
			buildPhases = (
				80DAF46CA1018DF452A3CDE2 /* [CP] Check Pods Manifest.lock */,
				126B413F2CD66D1D00ECAE88 /* Sources */,
				126B41402CD66D1D00ECAE88 /* Frameworks */,
				126B41412CD66D1D00ECAE88 /* Resources */,
				5256FA7BDDDEE6D3A478EECB /* [CP] Embed Pods Frameworks */,
				C229E3A5105F6A16FB5D2C66 /* [CP] Copy Pods Resources */,
			);
			buildRules = (
			);
			dependencies = (
			);
			name = StudyBookApp;
			productName = StudyBookApp;
			productReference = 126B41432CD66D1D00ECAE88 /* StudyBookApp.app */;
			productType = "com.apple.product-type.application";
		};
/* End PBXNativeTarget section */

/* Begin PBXProject section */
		126B413B2CD66D1D00ECAE88 /* Project object */ = {
			isa = PBXProject;
			attributes = {
				BuildIndependentTargetsInParallel = 1;
				LastSwiftUpdateCheck = 1600;
				LastUpgradeCheck = 1600;
				TargetAttributes = {
					126B41422CD66D1D00ECAE88 = {
						CreatedOnToolsVersion = 16.0;
					};
				};
			};
			buildConfigurationList = 126B413E2CD66D1D00ECAE88 /* Build configuration list for PBXProject "StudyBookApp" */;
			developmentRegion = ja;
			hasScannedForEncodings = 0;
			knownRegions = (
				en,
				Base,
				ja,
			);
			mainGroup = 126B413A2CD66D1D00ECAE88;
			minimizedProjectReferenceProxies = 1;
			preferredProjectObjectVersion = 77;
			productRefGroup = 126B41442CD66D1D00ECAE88 /* Products */;
			projectDirPath = "";
			projectRoot = "";
			targets = (
				126B41422CD66D1D00ECAE88 /* StudyBookApp */,
			);
		};
/* End PBXProject section */

/* Begin PBXResourcesBuildPhase section */
		126B41412CD66D1D00ECAE88 /* Resources */ = {
			isa = PBXResourcesBuildPhase;
			buildActionMask = 2147483647;
			files = (
				1221EC552CD6749C00F2A6E7 /* Preview Assets.xcassets in Resources */,
				1221EC562CD6749C00F2A6E7 /* Colors.xcassets in Resources */,
				1221EC572CD6749C00F2A6E7 /* Images.xcassets in Resources */,
				1221EC582CD6749C00F2A6E7 /* Localizable.strings in Resources */,
				1221EC592CD6749C00F2A6E7 /* GoogleService-Info.plist in Resources */,
			);
			runOnlyForDeploymentPostprocessing = 0;
		};
/* End PBXResourcesBuildPhase section */

/* Begin PBXShellScriptBuildPhase section */
		5256FA7BDDDEE6D3A478EECB /* [CP] Embed Pods Frameworks */ = {
			isa = PBXShellScriptBuildPhase;
			buildActionMask = 2147483647;
			files = (
			);
			inputFileListPaths = (
				"${PODS_ROOT}/Target Support Files/Pods-StudyBookApp/Pods-StudyBookApp-frameworks-${CONFIGURATION}-input-files.xcfilelist",
			);
			name = "[CP] Embed Pods Frameworks";
			outputFileListPaths = (
				"${PODS_ROOT}/Target Support Files/Pods-StudyBookApp/Pods-StudyBookApp-frameworks-${CONFIGURATION}-output-files.xcfilelist",
			);
			runOnlyForDeploymentPostprocessing = 0;
			shellPath = /bin/sh;
			shellScript = "\"${PODS_ROOT}/Target Support Files/Pods-StudyBookApp/Pods-StudyBookApp-frameworks.sh\"\n";
			showEnvVarsInLog = 0;
		};
		80DAF46CA1018DF452A3CDE2 /* [CP] Check Pods Manifest.lock */ = {
			isa = PBXShellScriptBuildPhase;
			buildActionMask = 2147483647;
			files = (
			);
			inputFileListPaths = (
			);
			inputPaths = (
				"${PODS_PODFILE_DIR_PATH}/Podfile.lock",
				"${PODS_ROOT}/Manifest.lock",
			);
			name = "[CP] Check Pods Manifest.lock";
			outputFileListPaths = (
			);
			outputPaths = (
				"$(DERIVED_FILE_DIR)/Pods-StudyBookApp-checkManifestLockResult.txt",
			);
			runOnlyForDeploymentPostprocessing = 0;
			shellPath = /bin/sh;
			shellScript = "diff \"${PODS_PODFILE_DIR_PATH}/Podfile.lock\" \"${PODS_ROOT}/Manifest.lock\" > /dev/null\nif [ $? != 0 ] ; then\n    # print error to STDERR\n    echo \"error: The sandbox is not in sync with the Podfile.lock. Run 'pod install' or update your CocoaPods installation.\" >&2\n    exit 1\nfi\n# This output is used by Xcode 'outputs' to avoid re-running this script phase.\necho \"SUCCESS\" > \"${SCRIPT_OUTPUT_FILE_0}\"\n";
			showEnvVarsInLog = 0;
		};
		C229E3A5105F6A16FB5D2C66 /* [CP] Copy Pods Resources */ = {
			isa = PBXShellScriptBuildPhase;
			buildActionMask = 2147483647;
			files = (
			);
			inputFileListPaths = (
				"${PODS_ROOT}/Target Support Files/Pods-StudyBookApp/Pods-StudyBookApp-resources-${CONFIGURATION}-input-files.xcfilelist",
			);
			name = "[CP] Copy Pods Resources";
			outputFileListPaths = (
				"${PODS_ROOT}/Target Support Files/Pods-StudyBookApp/Pods-StudyBookApp-resources-${CONFIGURATION}-output-files.xcfilelist",
			);
			runOnlyForDeploymentPostprocessing = 0;
			shellPath = /bin/sh;
			shellScript = "\"${PODS_ROOT}/Target Support Files/Pods-StudyBookApp/Pods-StudyBookApp-resources.sh\"\n";
			showEnvVarsInLog = 0;
		};
/* End PBXShellScriptBuildPhase section */

/* Begin PBXSourcesBuildPhase section */
		126B413F2CD66D1D00ECAE88 /* Sources */ = {
			isa = PBXSourcesBuildPhase;
			buildActionMask = 2147483647;
			files = (
				1221ECAD2CD7588500F2A6E7 /* SearchBooksViewModel.swift in Sources */,
				1221EC5B2CD6749C00F2A6E7 /* DateFormatUtility.swift in Sources */,
				1252FDEA2CDA5949007D23B9 /* DetailCategoryView.swift in Sources */,
				1252FDEC2CDA5AE9007D23B9 /* BookGridListView.swift in Sources */,
				1221EC5C2CD6749C00F2A6E7 /* DeviceSizeUtility.swift in Sources */,
				1221ECA92CD74B0B00F2A6E7 /* RealmConfig.swift in Sources */,
				1221ECA22CD731BA00F2A6E7 /* GoogleBooksAPIRepository.swift in Sources */,
				1221EC5D2CD6749C00F2A6E7 /* ExCollection.swift in Sources */,
				1221EC5E2CD6749C00F2A6E7 /* ExUIApplication.swift in Sources */,
				1252FDEE2CDA5BC7007D23B9 /* ExModifier.swift in Sources */,
				1221ECCB2CD9F90900F2A6E7 /* SelectCategoryView.swift in Sources */,
				1221EC5F2CD6749C00F2A6E7 /* Assets.swift in Sources */,
				1221EC602CD6749C00F2A6E7 /* Strings.swift in Sources */,
				123088412CE08B9200455EC8 /* LoadingView.swift in Sources */,
				1221ECCF2CDA47BC00F2A6E7 /* BookThumbnailView.swift in Sources */,
				123088432CE08F5F00455EC8 /* LoadingViewModel.swift in Sources */,
				1221EC612CD6749C00F2A6E7 /* RepositoryDependency.swift in Sources */,
				1221EC622CD6749C00F2A6E7 /* UserDefaultsRepository.swift in Sources */,
				1221ECB72CD7A08400F2A6E7 /* ImageError.swift in Sources */,
				1221EC632CD6749C00F2A6E7 /* RootView.swift in Sources */,
				1221EC642CD6749C00F2A6E7 /* StudyBookAppApp.swift in Sources */,
				1221ECBD2CD7CE6C00F2A6E7 /* Category.swift in Sources */,
				1221ECA42CD7339100F2A6E7 /* Book.swift in Sources */,
				1221ECC52CD8AC8700F2A6E7 /* MyBookShelfView.swift in Sources */,
				1221ECB22CD795DD00F2A6E7 /* AppManager.swift in Sources */,
				1221ECC32CD84C7400F2A6E7 /* InputCategoryViewModel.swift in Sources */,
				1294643C2CDF9B5500A30FC8 /* EmptyDataView.swift in Sources */,
				1221ECB42CD799A700F2A6E7 /* ImageFileManager.swift in Sources */,
				1221ECB02CD7944A00F2A6E7 /* NetWorkManager.swift in Sources */,
				1294643E2CDF9D0400A30FC8 /* APIError.swift in Sources */,
				1221ECC12CD7CF2D00F2A6E7 /* InputCategoryView.swift in Sources */,
				1221ECBB2CD7CCAC00F2A6E7 /* TabViewLayout.swift in Sources */,
				1221ECCD2CDA329600F2A6E7 /* CategoryListView.swift in Sources */,
				1221EC652CD6749C00F2A6E7 /* RootEnvironment.swift in Sources */,
				1221ECC72CD8AD6400F2A6E7 /* MyBookShelfViewModel.swift in Sources */,
				1221ECA62CD7368D00F2A6E7 /* RelamRepository.swift in Sources */,
				128857692CDE162500703F49 /* DetailBookView.swift in Sources */,
				1252FDE82CDA506B007D23B9 /* ExString.swift in Sources */,
				1221ECAB2CD7586A00F2A6E7 /* SearchBooksView.swift in Sources */,
				129464402CDFA0AF00A30FC8 /* ErrorView.swift in Sources */,
				1221ECC92CD8FB4000F2A6E7 /* HeaderView.swift in Sources */,
			);
			runOnlyForDeploymentPostprocessing = 0;
		};
/* End PBXSourcesBuildPhase section */

/* Begin PBXVariantGroup section */
		1221EC4B2CD6749C00F2A6E7 /* Localizable.strings */ = {
			isa = PBXVariantGroup;
			children = (
				1221EC4A2CD6749C00F2A6E7 /* ja */,
			);
			name = Localizable.strings;
			sourceTree = "<group>";
		};
/* End PBXVariantGroup section */

/* Begin XCBuildConfiguration section */
		126B414F2CD66D1F00ECAE88 /* Debug */ = {
			isa = XCBuildConfiguration;
			buildSettings = {
				ALWAYS_SEARCH_USER_PATHS = NO;
				ASSETCATALOG_COMPILER_GENERATE_SWIFT_ASSET_SYMBOL_EXTENSIONS = YES;
				CLANG_ANALYZER_NONNULL = YES;
				CLANG_ANALYZER_NUMBER_OBJECT_CONVERSION = YES_AGGRESSIVE;
				CLANG_CXX_LANGUAGE_STANDARD = "gnu++20";
				CLANG_ENABLE_MODULES = YES;
				CLANG_ENABLE_OBJC_ARC = YES;
				CLANG_ENABLE_OBJC_WEAK = YES;
				CLANG_WARN_BLOCK_CAPTURE_AUTORELEASING = YES;
				CLANG_WARN_BOOL_CONVERSION = YES;
				CLANG_WARN_COMMA = YES;
				CLANG_WARN_CONSTANT_CONVERSION = YES;
				CLANG_WARN_DEPRECATED_OBJC_IMPLEMENTATIONS = YES;
				CLANG_WARN_DIRECT_OBJC_ISA_USAGE = YES_ERROR;
				CLANG_WARN_DOCUMENTATION_COMMENTS = YES;
				CLANG_WARN_EMPTY_BODY = YES;
				CLANG_WARN_ENUM_CONVERSION = YES;
				CLANG_WARN_INFINITE_RECURSION = YES;
				CLANG_WARN_INT_CONVERSION = YES;
				CLANG_WARN_NON_LITERAL_NULL_CONVERSION = YES;
				CLANG_WARN_OBJC_IMPLICIT_RETAIN_SELF = YES;
				CLANG_WARN_OBJC_LITERAL_CONVERSION = YES;
				CLANG_WARN_OBJC_ROOT_CLASS = YES_ERROR;
				CLANG_WARN_QUOTED_INCLUDE_IN_FRAMEWORK_HEADER = YES;
				CLANG_WARN_RANGE_LOOP_ANALYSIS = YES;
				CLANG_WARN_STRICT_PROTOTYPES = YES;
				CLANG_WARN_SUSPICIOUS_MOVE = YES;
				CLANG_WARN_UNGUARDED_AVAILABILITY = YES_AGGRESSIVE;
				CLANG_WARN_UNREACHABLE_CODE = YES;
				CLANG_WARN__DUPLICATE_METHOD_MATCH = YES;
				COPY_PHASE_STRIP = NO;
				DEBUG_INFORMATION_FORMAT = dwarf;
				ENABLE_STRICT_OBJC_MSGSEND = YES;
				ENABLE_TESTABILITY = YES;
				ENABLE_USER_SCRIPT_SANDBOXING = YES;
				GCC_C_LANGUAGE_STANDARD = gnu17;
				GCC_DYNAMIC_NO_PIC = NO;
				GCC_NO_COMMON_BLOCKS = YES;
				GCC_OPTIMIZATION_LEVEL = 0;
				GCC_PREPROCESSOR_DEFINITIONS = (
					"DEBUG=1",
					"$(inherited)",
				);
				GCC_WARN_64_TO_32_BIT_CONVERSION = YES;
				GCC_WARN_ABOUT_RETURN_TYPE = YES_ERROR;
				GCC_WARN_UNDECLARED_SELECTOR = YES;
				GCC_WARN_UNINITIALIZED_AUTOS = YES_AGGRESSIVE;
				GCC_WARN_UNUSED_FUNCTION = YES;
				GCC_WARN_UNUSED_VARIABLE = YES;
				IPHONEOS_DEPLOYMENT_TARGET = 18.0;
				LOCALIZATION_PREFERS_STRING_CATALOGS = YES;
				MTL_ENABLE_DEBUG_INFO = INCLUDE_SOURCE;
				MTL_FAST_MATH = YES;
				ONLY_ACTIVE_ARCH = YES;
				SDKROOT = iphoneos;
				SWIFT_ACTIVE_COMPILATION_CONDITIONS = "DEBUG $(inherited)";
				SWIFT_OPTIMIZATION_LEVEL = "-Onone";
			};
			name = Debug;
		};
		126B41502CD66D1F00ECAE88 /* Release */ = {
			isa = XCBuildConfiguration;
			buildSettings = {
				ALWAYS_SEARCH_USER_PATHS = NO;
				ASSETCATALOG_COMPILER_GENERATE_SWIFT_ASSET_SYMBOL_EXTENSIONS = YES;
				CLANG_ANALYZER_NONNULL = YES;
				CLANG_ANALYZER_NUMBER_OBJECT_CONVERSION = YES_AGGRESSIVE;
				CLANG_CXX_LANGUAGE_STANDARD = "gnu++20";
				CLANG_ENABLE_MODULES = YES;
				CLANG_ENABLE_OBJC_ARC = YES;
				CLANG_ENABLE_OBJC_WEAK = YES;
				CLANG_WARN_BLOCK_CAPTURE_AUTORELEASING = YES;
				CLANG_WARN_BOOL_CONVERSION = YES;
				CLANG_WARN_COMMA = YES;
				CLANG_WARN_CONSTANT_CONVERSION = YES;
				CLANG_WARN_DEPRECATED_OBJC_IMPLEMENTATIONS = YES;
				CLANG_WARN_DIRECT_OBJC_ISA_USAGE = YES_ERROR;
				CLANG_WARN_DOCUMENTATION_COMMENTS = YES;
				CLANG_WARN_EMPTY_BODY = YES;
				CLANG_WARN_ENUM_CONVERSION = YES;
				CLANG_WARN_INFINITE_RECURSION = YES;
				CLANG_WARN_INT_CONVERSION = YES;
				CLANG_WARN_NON_LITERAL_NULL_CONVERSION = YES;
				CLANG_WARN_OBJC_IMPLICIT_RETAIN_SELF = YES;
				CLANG_WARN_OBJC_LITERAL_CONVERSION = YES;
				CLANG_WARN_OBJC_ROOT_CLASS = YES_ERROR;
				CLANG_WARN_QUOTED_INCLUDE_IN_FRAMEWORK_HEADER = YES;
				CLANG_WARN_RANGE_LOOP_ANALYSIS = YES;
				CLANG_WARN_STRICT_PROTOTYPES = YES;
				CLANG_WARN_SUSPICIOUS_MOVE = YES;
				CLANG_WARN_UNGUARDED_AVAILABILITY = YES_AGGRESSIVE;
				CLANG_WARN_UNREACHABLE_CODE = YES;
				CLANG_WARN__DUPLICATE_METHOD_MATCH = YES;
				COPY_PHASE_STRIP = NO;
				DEBUG_INFORMATION_FORMAT = "dwarf-with-dsym";
				ENABLE_NS_ASSERTIONS = NO;
				ENABLE_STRICT_OBJC_MSGSEND = YES;
				ENABLE_USER_SCRIPT_SANDBOXING = YES;
				GCC_C_LANGUAGE_STANDARD = gnu17;
				GCC_NO_COMMON_BLOCKS = YES;
				GCC_WARN_64_TO_32_BIT_CONVERSION = YES;
				GCC_WARN_ABOUT_RETURN_TYPE = YES_ERROR;
				GCC_WARN_UNDECLARED_SELECTOR = YES;
				GCC_WARN_UNINITIALIZED_AUTOS = YES_AGGRESSIVE;
				GCC_WARN_UNUSED_FUNCTION = YES;
				GCC_WARN_UNUSED_VARIABLE = YES;
				IPHONEOS_DEPLOYMENT_TARGET = 18.0;
				LOCALIZATION_PREFERS_STRING_CATALOGS = YES;
				MTL_ENABLE_DEBUG_INFO = NO;
				MTL_FAST_MATH = YES;
				SDKROOT = iphoneos;
				SWIFT_COMPILATION_MODE = wholemodule;
				VALIDATE_PRODUCT = YES;
			};
			name = Release;
		};
		126B41522CD66D1F00ECAE88 /* Debug */ = {
			isa = XCBuildConfiguration;
			baseConfigurationReference = 4D3427250F7F2DA536D95CFF /* Pods-StudyBookApp.debug.xcconfig */;
			buildSettings = {
				ASSETCATALOG_COMPILER_APPICON_NAME = AppIcon;
				ASSETCATALOG_COMPILER_GLOBAL_ACCENT_COLOR_NAME = AccentColor;
				CODE_SIGN_STYLE = Automatic;
				CURRENT_PROJECT_VERSION = 1;
				DEVELOPMENT_ASSET_PATHS = "\"StudyBookApp/Preview Content\"";
				DEVELOPMENT_TEAM = CGD79LB65H;
				ENABLE_PREVIEWS = YES;
				ENABLE_USER_SCRIPT_SANDBOXING = NO;
				GENERATE_INFOPLIST_FILE = YES;
				INFOPLIST_FILE = StudyBookApp/Info.plist;
				INFOPLIST_KEY_UIApplicationSceneManifest_Generation = YES;
				INFOPLIST_KEY_UIApplicationSupportsIndirectInputEvents = YES;
				INFOPLIST_KEY_UILaunchScreen_Generation = YES;
				INFOPLIST_KEY_UISupportedInterfaceOrientations = UIInterfaceOrientationPortrait;
				INFOPLIST_KEY_UISupportedInterfaceOrientations_iPad = "UIInterfaceOrientationLandscapeLeft UIInterfaceOrientationLandscapeRight UIInterfaceOrientationPortrait UIInterfaceOrientationPortraitUpsideDown";
				IPHONEOS_DEPLOYMENT_TARGET = 17.0;
				LD_RUNPATH_SEARCH_PATHS = (
					"$(inherited)",
					"@executable_path/Frameworks",
				);
				MARKETING_VERSION = 1.0;
				PRODUCT_BUNDLE_IDENTIFIER = com.ame.StudyBookApp;
				PRODUCT_NAME = "$(TARGET_NAME)";
				SUPPORTED_PLATFORMS = "iphoneos iphonesimulator";
				SUPPORTS_MACCATALYST = NO;
				SUPPORTS_MAC_DESIGNED_FOR_IPHONE_IPAD = NO;
				SUPPORTS_XR_DESIGNED_FOR_IPHONE_IPAD = NO;
				SWIFT_EMIT_LOC_STRINGS = YES;
				SWIFT_VERSION = 5.0;
				TARGETED_DEVICE_FAMILY = 1;
			};
			name = Debug;
		};
		126B41532CD66D1F00ECAE88 /* Release */ = {
			isa = XCBuildConfiguration;
			baseConfigurationReference = 61282778142ED6D48B139B06 /* Pods-StudyBookApp.release.xcconfig */;
			buildSettings = {
				ASSETCATALOG_COMPILER_APPICON_NAME = AppIcon;
				ASSETCATALOG_COMPILER_GLOBAL_ACCENT_COLOR_NAME = AccentColor;
				CODE_SIGN_STYLE = Automatic;
				CURRENT_PROJECT_VERSION = 1;
				DEVELOPMENT_ASSET_PATHS = "\"StudyBookApp/Preview Content\"";
				DEVELOPMENT_TEAM = CGD79LB65H;
				ENABLE_PREVIEWS = YES;
				ENABLE_USER_SCRIPT_SANDBOXING = NO;
				GENERATE_INFOPLIST_FILE = YES;
				INFOPLIST_FILE = StudyBookApp/Info.plist;
				INFOPLIST_KEY_UIApplicationSceneManifest_Generation = YES;
				INFOPLIST_KEY_UIApplicationSupportsIndirectInputEvents = YES;
				INFOPLIST_KEY_UILaunchScreen_Generation = YES;
				INFOPLIST_KEY_UISupportedInterfaceOrientations = UIInterfaceOrientationPortrait;
				INFOPLIST_KEY_UISupportedInterfaceOrientations_iPad = "UIInterfaceOrientationLandscapeLeft UIInterfaceOrientationLandscapeRight UIInterfaceOrientationPortrait UIInterfaceOrientationPortraitUpsideDown";
				IPHONEOS_DEPLOYMENT_TARGET = 17.0;
				LD_RUNPATH_SEARCH_PATHS = (
					"$(inherited)",
					"@executable_path/Frameworks",
				);
				MARKETING_VERSION = 1.0;
				PRODUCT_BUNDLE_IDENTIFIER = com.ame.StudyBookApp;
				PRODUCT_NAME = "$(TARGET_NAME)";
				SUPPORTED_PLATFORMS = "iphoneos iphonesimulator";
				SUPPORTS_MACCATALYST = NO;
				SUPPORTS_MAC_DESIGNED_FOR_IPHONE_IPAD = NO;
				SUPPORTS_XR_DESIGNED_FOR_IPHONE_IPAD = NO;
				SWIFT_EMIT_LOC_STRINGS = YES;
				SWIFT_VERSION = 5.0;
				TARGETED_DEVICE_FAMILY = 1;
			};
			name = Release;
		};
/* End XCBuildConfiguration section */

/* Begin XCConfigurationList section */
		126B413E2CD66D1D00ECAE88 /* Build configuration list for PBXProject "StudyBookApp" */ = {
			isa = XCConfigurationList;
			buildConfigurations = (
				126B414F2CD66D1F00ECAE88 /* Debug */,
				126B41502CD66D1F00ECAE88 /* Release */,
			);
			defaultConfigurationIsVisible = 0;
			defaultConfigurationName = Release;
		};
		126B41512CD66D1F00ECAE88 /* Build configuration list for PBXNativeTarget "StudyBookApp" */ = {
			isa = XCConfigurationList;
			buildConfigurations = (
				126B41522CD66D1F00ECAE88 /* Debug */,
				126B41532CD66D1F00ECAE88 /* Release */,
			);
			defaultConfigurationIsVisible = 0;
			defaultConfigurationName = Release;
		};
/* End XCConfigurationList section */
	};
	rootObject = 126B413B2CD66D1D00ECAE88 /* Project object */;
}
